{
  "name": "cabrooks-films",
  "version": "1.0.0",
  "lockfileVersion": 1,
  "requires": true,
  "dependencies": {
    "@glidejs/glide": {
      "version": "3.2.7",
      "resolved": "https://registry.npmjs.org/@glidejs/glide/-/glide-3.2.7.tgz",
      "integrity": "sha512-ufsSwK2gZUg+DePAe77RG9OYEW5scRHVNMimqahSxZu7SvMqAs1SFiB0+gln1BqEnaXXgjgoDhcjwA8eyleXDA=="
    },
    "normalize.css": {
      "version": "8.0.1",
      "resolved": "https://registry.npmjs.org/normalize.css/-/normalize.css-8.0.1.tgz",
      "integrity": "sha512-qizSNPO93t1YUuUhP22btGOo3chcvDFqFaj2TRybP0DMxkHOCTYwp3n34fel4a31ORXy4m1Xq0Gyqpb5m33qIg=="
    }
  }
}
